<?xml version="1.0" encoding="utf-8"?>
<Project ToolsVersion="4.0" xmlns="http://schemas.microsoft.com/developer/msbuild/2003">
  <ItemGroup>
    <Filter Include="Source Files">
      <UniqueIdentifier>{4FC737F1-C7A5-4376-A066-2A32D752A2FF}</UniqueIdentifier>
      <Extensions>cpp;c;cc;cxx;def;odl;idl;hpj;bat;asm;asmx</Extensions>
    </Filter>
    <Filter Include="Header Files">
      <UniqueIdentifier>{93995380-89BD-4b04-88EB-625FBE52EBFB}</UniqueIdentifier>
      <Extensions>h;hpp;hxx;hm;inl;inc;xsd</Extensions>
    </Filter>
    <Filter Include="network">
      <UniqueIdentifier>{55e40f97-deef-4b72-b040-f13141572425}</UniqueIdentifier>
    </Filter>
  </ItemGroup>
  <ItemGroup>
    <Text Include="ReadMe.txt" />
  </ItemGroup>
  <ItemGroup>
    <ClCompile Include="redesha\network\packetstream.cpp">
      <Filter>Source Files</Filter>
    </ClCompile>
    <ClCompile Include="redesha\network\protocolpacket.cpp">
      <Filter>Source Files</Filter>
    </ClCompile>
    <ClCompile Include="redesha\network\udpstream.cpp">
      <Filter>Source Files</Filter>
    </ClCompile>
    <ClCompile Include="redesha\network\udpserver.cpp">
      <Filter>Source Files</Filter>
    </ClCompile>
  </ItemGroup>
  <ItemGroup>
    <ClInclude Include="redesha\network\packetstream.h">
      <Filter>network</Filter>
    </ClInclude>
    <ClInclude Include="redesha\network\protocolpacket.h">
      <Filter>network</Filter>
    </ClInclude>
    <ClInclude Include="redesha\network\packets\login\loginstructs.h">
      <Filter>network</Filter>
    </ClInclude>
    <ClInclude Include="rapidxml\rapidxml.hpp">
      <Filter>Header Files</Filter>
    </ClInclude>
    <ClInclude Include="rapidxml\rapidxml_iterators.hpp">
      <Filter>Header Files</Filter>
    </ClInclude>
    <ClInclude Include="rapidxml\rapidxml_print.hpp">
      <Filter>Header Files</Filter>
    </ClInclude>
    <ClInclude Include="rapidxml\rapidxml_utils.hpp">
      <Filter>Header Files</Filter>
    </ClInclude>
    <ClInclude Include="redesha\network\packets\opcodes.h">
      <Filter>Header Files</Filter>
    </ClInclude>
    <ClInclude Include="redesha\network\udpstream.h">
      <Filter>network</Filter>
    </ClInclude>
    <ClInclude Include="redesha\network\udpserver.h">
      <Filter>Header Files</Filter>
    </ClInclude>
  </ItemGroup>
</Project>